
Microsoft Visual Studio Solution File, Format Version 12.00
# Visual Studio Version 17
VisualStudioVersion = 17.8.34322.80
MinimumVisualStudioVersion = 10.0.40219.1
Project("{FAE04EC0-301F-11D3-BF4B-00C04F79EFBC}") = "WpfApp1", "WpfApp1.csproj", "{DD7E7A40-AB46-431C-A37D-27676CC36604}"
EndProject
Global
	GlobalSection(SolutionConfigurationPlatforms) = preSolution
		Debug|Any CPU = Debug|Any CPU
		Release|Any CPU = Release|Any CPU
	EndGlobalSection
	GlobalSection(ProjectConfigurationPlatforms) = postSolution
		{DD7E7A40-AB46-431C-A37D-27676CC36604}.Debug|Any CPU.ActiveCfg = Debug|Any CPU
		{DD7E7A40-AB46-431C-A37D-27676CC36604}.Debug|Any CPU.Build.0 = Debug|Any CPU
		{DD7E7A40-AB46-431C-A37D-27676CC36604}.Release|Any CPU.ActiveCfg = Release|Any CPU
		{DD7E7A40-AB46-431C-A37D-27676CC36604}.Release|Any CPU.Build.0 = Release|Any CPU
	EndGlobalSection
	GlobalSection(SolutionProperties) = preSolution
		HideSolutionNode = FALSE
	EndGlobalSection
	GlobalSection(ExtensibilityGlobals) = postSolution
		SolutionGuid = {6303E65F-47F4-47C2-8786-1758C093289D}
	EndGlobalSection
EndGlobal
